github.com/ericlagergren/decimal v0.0.0-20240411145413-00de7ca16731 h1:R/ZjJpjQKsZ6L/+Gf9WHbt31GG8NMVcpRqUE+1mMIyo=
github.com/ericlagergren/decimal v0.0.0-20240411145413-00de7ca16731/go.mod h1:M9R1FoZ3y//hwwnJtO51ypFGwm8ZfpxPT/ZLtO1mcgQ=
github.com/lib/pq v1.10.9 h1:YXG7RB+JIjhP29X+OtkiDnYaXQwpS4JEWq7dtCCRUEw=
github.com/lib/pq v1.10.9/go.mod h1:AlVN5x4E4T544tWzH6hKfbfQvm3HdbOxrmggDNAPY9o=
